
Microsoft Visual Studio Solution File, Format Version 12.00
# Visual Studio 2017
Project("{FAE04EC0-301F-11D3-BF4B-00C04F79EFBC}") = "Trixie", "Trixie.csproj", "{B3CAA405-50A2-A400-2871-FFF5623ED674}"
EndProject
Project("{FAE04EC0-301F-11D3-BF4B-00C04F79EFBC}") = "Trixie.Editor", "Trixie.Editor.csproj", "{4558EF19-C95F-E6AF-E4BB-89E020513809}"
EndProject
Global
	GlobalSection(SolutionConfigurationPlatforms) = preSolution
		Debug|Any CPU = Debug|Any CPU
		Release|Any CPU = Release|Any CPU
	EndGlobalSection
	GlobalSection(ProjectConfigurationPlatforms) = postSolution
		{B3CAA405-50A2-A400-2871-FFF5623ED674}.Debug|Any CPU.ActiveCfg = Debug|Any CPU
		{B3CAA405-50A2-A400-2871-FFF5623ED674}.Debug|Any CPU.Build.0 = Debug|Any CPU
		{B3CAA405-50A2-A400-2871-FFF5623ED674}.Release|Any CPU.ActiveCfg = Release|Any CPU
		{B3CAA405-50A2-A400-2871-FFF5623ED674}.Release|Any CPU.Build.0 = Release|Any CPU
		{4558EF19-C95F-E6AF-E4BB-89E020513809}.Debug|Any CPU.ActiveCfg = Debug|Any CPU
		{4558EF19-C95F-E6AF-E4BB-89E020513809}.Debug|Any CPU.Build.0 = Debug|Any CPU
		{4558EF19-C95F-E6AF-E4BB-89E020513809}.Release|Any CPU.ActiveCfg = Release|Any CPU
		{4558EF19-C95F-E6AF-E4BB-89E020513809}.Release|Any CPU.Build.0 = Release|Any CPU
	EndGlobalSection
	GlobalSection(SolutionProperties) = preSolution
		HideSolutionNode = FALSE
	EndGlobalSection
EndGlobal
