
Microsoft Visual Studio Solution File, Format Version 11.00
# Visual Studio 2010
Project("{FAE04EC0-301F-11D3-BF4B-00C04F79EFBC}") = "Assembly-CSharp", "Assembly-CSharp.csproj", "{4DFFC308-1267-611D-B831-954D6307FBAF}"
EndProject
Project("{FAE04EC0-301F-11D3-BF4B-00C04F79EFBC}") = "Assembly-CSharp-Editor", "Assembly-CSharp-Editor.csproj", "{CCA6F1A7-1093-DACC-F1F9-0B9E009DA7C3}"
EndProject
Global
	GlobalSection(SolutionConfigurationPlatforms) = preSolution
		Debug|Any CPU = Debug|Any CPU
		Release|Any CPU = Release|Any CPU
	EndGlobalSection
	GlobalSection(ProjectConfigurationPlatforms) = postSolution
		{4DFFC308-1267-611D-B831-954D6307FBAF}.Debug|Any CPU.ActiveCfg = Debug|Any CPU
		{4DFFC308-1267-611D-B831-954D6307FBAF}.Debug|Any CPU.Build.0 = Debug|Any CPU
		{4DFFC308-1267-611D-B831-954D6307FBAF}.Release|Any CPU.ActiveCfg = Release|Any CPU
		{4DFFC308-1267-611D-B831-954D6307FBAF}.Release|Any CPU.Build.0 = Release|Any CPU
		{CCA6F1A7-1093-DACC-F1F9-0B9E009DA7C3}.Debug|Any CPU.ActiveCfg = Debug|Any CPU
		{CCA6F1A7-1093-DACC-F1F9-0B9E009DA7C3}.Debug|Any CPU.Build.0 = Debug|Any CPU
		{CCA6F1A7-1093-DACC-F1F9-0B9E009DA7C3}.Release|Any CPU.ActiveCfg = Release|Any CPU
		{CCA6F1A7-1093-DACC-F1F9-0B9E009DA7C3}.Release|Any CPU.Build.0 = Release|Any CPU
	EndGlobalSection
	GlobalSection(SolutionProperties) = preSolution
		HideSolutionNode = FALSE
	EndGlobalSection
EndGlobal
